
Microsoft Visual Studio Solution File, Format Version 12.00
Project("{FAE04EC0-301F-11D3-BF4B-00C04F79EFBC}") = "Snewy", "Snewy\Snewy.csproj", "{1D461748-2610-4051-A3B5-332DE093C843}"
EndProject
Global
	GlobalSection(SolutionConfigurationPlatforms) = preSolution
		Debug|Any CPU = Debug|Any CPU
		Release|Any CPU = Release|Any CPU
	EndGlobalSection
	GlobalSection(ProjectConfigurationPlatforms) = postSolution
		{1D461748-2610-4051-A3B5-332DE093C843}.Debug|Any CPU.ActiveCfg = Debug|Any CPU
		{1D461748-2610-4051-A3B5-332DE093C843}.Debug|Any CPU.Build.0 = Debug|Any CPU
		{1D461748-2610-4051-A3B5-332DE093C843}.Release|Any CPU.ActiveCfg = Release|Any CPU
		{1D461748-2610-4051-A3B5-332DE093C843}.Release|Any CPU.Build.0 = Release|Any CPU
	EndGlobalSection
EndGlobal
